Microsoft Visual Studio Solution File, Format Version 8.00
Project("{FAE04EC0-301F-11D3-BF4B-00C04F79EFBC}") = "async", "async.csproj", "{A9B257E7-68F6-4D3E-A535-6B7DA9489F96}"
	ProjectSection(ProjectDependencies) = postProject
	EndProjectSection
EndProject
Project("{FAE04EC0-301F-11D3-BF4B-00C04F79EFBC}") = "blast", "blast.csproj", "{D1F6A0EB-E544-44DD-9046-DB40CD6DBD34}"
	ProjectSection(ProjectDependencies) = postProject
	EndProjectSection
EndProject
Project("{FAE04EC0-301F-11D3-BF4B-00C04F79EFBC}") = "detect", "detect.csproj", "{B23A1E80-6380-48E4-B9F6-61DFF1360A9B}"
	ProjectSection(ProjectDependencies) = postProject
	EndProjectSection
EndProject
Project("{FAE04EC0-301F-11D3-BF4B-00C04F79EFBC}") = "eeprom", "eeprom.csproj", "{33E3E4A3-6D70-4FBA-B885-481393F34898}"
	ProjectSection(ProjectDependencies) = postProject
	EndProjectSection
EndProject
Project("{FAE04EC0-301F-11D3-BF4B-00C04F79EFBC}") = "flash", "flash.csproj", "{FCF5B771-603E-4E8D-925D-E48A8F5C971E}"
	ProjectSection(ProjectDependencies) = postProject
	EndProjectSection
EndProject
Project("{FAE04EC0-301F-11D3-BF4B-00C04F79EFBC}") = "timing", "timing.csproj", "{051C13C5-A878-48A5-8ACE-DC309D00ECD5}"
	ProjectSection(ProjectDependencies) = postProject
	EndProjectSection
EndProject
Global
	GlobalSection(SolutionConfiguration) = preSolution
		Debug = Debug
		Release = Release
	EndGlobalSection
	GlobalSection(ProjectConfiguration) = postSolution
		{A9B257E7-68F6-4D3E-A535-6B7DA9489F96}.Debug.ActiveCfg = Debug|.NET
		{A9B257E7-68F6-4D3E-A535-6B7DA9489F96}.Debug.Build.0 = Debug|.NET
		{A9B257E7-68F6-4D3E-A535-6B7DA9489F96}.Release.ActiveCfg = Release|.NET
		{A9B257E7-68F6-4D3E-A535-6B7DA9489F96}.Release.Build.0 = Release|.NET
		{D1F6A0EB-E544-44DD-9046-DB40CD6DBD34}.Debug.ActiveCfg = Debug|.NET
		{D1F6A0EB-E544-44DD-9046-DB40CD6DBD34}.Debug.Build.0 = Debug|.NET
		{D1F6A0EB-E544-44DD-9046-DB40CD6DBD34}.Release.ActiveCfg = Release|.NET
		{D1F6A0EB-E544-44DD-9046-DB40CD6DBD34}.Release.Build.0 = Release|.NET
		{B23A1E80-6380-48E4-B9F6-61DFF1360A9B}.Debug.ActiveCfg = Debug|.NET
		{B23A1E80-6380-48E4-B9F6-61DFF1360A9B}.Debug.Build.0 = Debug|.NET
		{B23A1E80-6380-48E4-B9F6-61DFF1360A9B}.Release.ActiveCfg = Release|.NET
		{B23A1E80-6380-48E4-B9F6-61DFF1360A9B}.Release.Build.0 = Release|.NET
		{33E3E4A3-6D70-4FBA-B885-481393F34898}.Debug.ActiveCfg = Debug|.NET
		{33E3E4A3-6D70-4FBA-B885-481393F34898}.Debug.Build.0 = Debug|.NET
		{33E3E4A3-6D70-4FBA-B885-481393F34898}.Release.ActiveCfg = Release|.NET
		{33E3E4A3-6D70-4FBA-B885-481393F34898}.Release.Build.0 = Release|.NET
		{FCF5B771-603E-4E8D-925D-E48A8F5C971E}.Debug.ActiveCfg = Debug|.NET
		{FCF5B771-603E-4E8D-925D-E48A8F5C971E}.Debug.Build.0 = Debug|.NET
		{FCF5B771-603E-4E8D-925D-E48A8F5C971E}.Release.ActiveCfg = Release|.NET
		{FCF5B771-603E-4E8D-925D-E48A8F5C971E}.Release.Build.0 = Release|.NET
		{051C13C5-A878-48A5-8ACE-DC309D00ECD5}.Debug.ActiveCfg = Debug|.NET
		{051C13C5-A878-48A5-8ACE-DC309D00ECD5}.Debug.Build.0 = Debug|.NET
		{051C13C5-A878-48A5-8ACE-DC309D00ECD5}.Release.ActiveCfg = Release|.NET
		{051C13C5-A878-48A5-8ACE-DC309D00ECD5}.Release.Build.0 = Release|.NET
	EndGlobalSection
	GlobalSection(ExtensibilityGlobals) = postSolution
	EndGlobalSection
	GlobalSection(ExtensibilityAddIns) = postSolution
	EndGlobalSection
EndGlobal
